
Microsoft Visual Studio Solution File, Format Version 12.00
# Visual Studio Version 17
VisualStudioVersion = 17.8.34309.116
MinimumVisualStudioVersion = 10.0.40219.1
Project("{FAE04EC0-301F-11D3-BF4B-00C04F79EFBC}") = "Inlamning3", "Inlamning3\Inlamning3.csproj", "{975C9D77-245A-4090-A6DD-D0D4AED7718C}"
EndProject
Global
	GlobalSection(SolutionConfigurationPlatforms) = preSolution
		Debug|Any CPU = Debug|Any CPU
		Release|Any CPU = Release|Any CPU
	EndGlobalSection
	GlobalSection(ProjectConfigurationPlatforms) = postSolution
		{975C9D77-245A-4090-A6DD-D0D4AED7718C}.Debug|Any CPU.ActiveCfg = Debug|Any CPU
		{975C9D77-245A-4090-A6DD-D0D4AED7718C}.Debug|Any CPU.Build.0 = Debug|Any CPU
		{975C9D77-245A-4090-A6DD-D0D4AED7718C}.Release|Any CPU.ActiveCfg = Release|Any CPU
		{975C9D77-245A-4090-A6DD-D0D4AED7718C}.Release|Any CPU.Build.0 = Release|Any CPU
	EndGlobalSection
	GlobalSection(SolutionProperties) = preSolution
		HideSolutionNode = FALSE
	EndGlobalSection
	GlobalSection(ExtensibilityGlobals) = postSolution
		SolutionGuid = {473A9370-359D-44DA-B0B0-E351C889DB2C}
	EndGlobalSection
EndGlobal
